
Microsoft Visual Studio Solution File, Format Version 12.00
# Visual Studio 15
VisualStudioVersion = 15.0.28307.136
MinimumVisualStudioVersion = 10.0.40219.1
Project("{FAE04EC0-301F-11D3-BF4B-00C04F79EFBC}") = "WorldBuilding", "WorldBuilding\WorldBuilding.csproj", "{0F4CAEDF-BD7F-4786-9974-D28D6481BAC7}"
EndProject
Global
	GlobalSection(SolutionConfigurationPlatforms) = preSolution
		Debug|Any CPU = Debug|Any CPU
		Release|Any CPU = Release|Any CPU
	EndGlobalSection
	GlobalSection(ProjectConfigurationPlatforms) = postSolution
		{0F4CAEDF-BD7F-4786-9974-D28D6481BAC7}.Debug|Any CPU.ActiveCfg = Debug|Any CPU
		{0F4CAEDF-BD7F-4786-9974-D28D6481BAC7}.Debug|Any CPU.Build.0 = Debug|Any CPU
		{0F4CAEDF-BD7F-4786-9974-D28D6481BAC7}.Release|Any CPU.ActiveCfg = Release|Any CPU
		{0F4CAEDF-BD7F-4786-9974-D28D6481BAC7}.Release|Any CPU.Build.0 = Release|Any CPU
	EndGlobalSection
	GlobalSection(SolutionProperties) = preSolution
		HideSolutionNode = FALSE
	EndGlobalSection
	GlobalSection(ExtensibilityGlobals) = postSolution
		SolutionGuid = {67888960-4216-4271-A069-516A271B763F}
	EndGlobalSection
EndGlobal
